// !$*UTF8*$!
{
	archiveVersion = 1;
	classes = {
	};
	objectVersion = 46;
	objects = {

/* Begin PBXBuildFile section */
		E923FF541A2F76C500EC744B /* main.m in Sources */ = {isa = PBXBuildFile; fileRef = E923FF531A2F76C500EC744B /* main.m */; };
		E923FF571A2F76C500EC744B /* AppDelegate.m in Sources */ = {isa = PBXBuildFile; fileRef = E923FF561A2F76C500EC744B /* AppDelegate.m */; };
		E923FF5A1A2F76C500EC744B /* ViewController.m in Sources */ = {isa = PBXBuildFile; fileRef = E923FF591A2F76C500EC744B /* ViewController.m */; };
		E923FF5D1A2F76C500EC744B /* Main.storyboard in Resources */ = {isa = PBXBuildFile; fileRef = E923FF5B1A2F76C500EC744B /* Main.storyboard */; };
		E923FF5F1A2F76C500EC744B /* Images.xcassets in Resources */ = {isa = PBXBuildFile; fileRef = E923FF5E1A2F76C500EC744B /* Images.xcassets */; };
		E923FF621A2F76C500EC744B /* LaunchScreen.xib in Resources */ = {isa = PBXBuildFile; fileRef = E923FF601A2F76C500EC744B /* LaunchScreen.xib */; };
		E923FF6E1A2F76C500EC744B /* iSpendd2Tests.m in Sources */ = {isa = PBXBuildFile; fileRef = E923FF6D1A2F76C500EC744B /* iSpendd2Tests.m */; };
		E9D32C701A30CB4C00FDE18F /* User.m in Sources */ = {isa = PBXBuildFile; fileRef = E9D32C6F1A30CB4C00FDE18F /* User.m */; };
		E9D32C731A30E4A800FDE18F /* ShowViewController.m in Sources */ = {isa = PBXBuildFile; fileRef = E9D32C721A30E4A800FDE18F /* ShowViewController.m */; };
/* End PBXBuildFile section */

/* Begin PBXContainerItemProxy section */
		E923FF681A2F76C500EC744B /* PBXContainerItemProxy */ = {
			isa = PBXContainerItemProxy;
			containerPortal = E923FF461A2F76C500EC744B /* Project object */;
			proxyType = 1;
			remoteGlobalIDString = E923FF4D1A2F76C500EC744B;
			remoteInfo = iSpendd2;
		};
/* End PBXContainerItemProxy section */

/* Begin PBXFileReference section */
		E923FF4E1A2F76C500EC744B /* iSpendd2.app */ = {isa = PBXFileReference; explicitFileType = wrapper.application; includeInIndex = 0; path = iSpendd2.app; sourceTree = BUILT_PRODUCTS_DIR; };
		E923FF521A2F76C500EC744B /* Info.plist */ = {isa = PBXFileReference; lastKnownFileType = text.plist.xml; path = Info.plist; sourceTree = "<group>"; };
		E923FF531A2F76C500EC744B /* main.m */ = {isa = PBXFileReference; lastKnownFileType = sourcecode.c.objc; path = main.m; sourceTree = "<group>"; };
		E923FF551A2F76C500EC744B /* AppDelegate.h */ = {isa = PBXFileReference; lastKnownFileType = sourcecode.c.h; path = AppDelegate.h; sourceTree = "<group>"; };
		E923FF561A2F76C500EC744B /* AppDelegate.m */ = {isa = PBXFileReference; lastKnownFileType = sourcecode.c.objc; path = AppDelegate.m; sourceTree = "<group>"; };
		E923FF581A2F76C500EC744B /* ViewController.h */ = {isa = PBXFileReference; lastKnownFileType = sourcecode.c.h; path = ViewController.h; sourceTree = "<group>"; };
		E923FF591A2F76C500EC744B /* ViewController.m */ = {isa = PBXFileReference; lastKnownFileType = sourcecode.c.objc; path = ViewController.m; sourceTree = "<group>"; };
		E923FF5C1A2F76C500EC744B /* Base */ = {isa = PBXFileReference; lastKnownFileType = file.storyboard; name = Base; path = Base.lproj/Main.storyboard; sourceTree = "<group>"; };
		E923FF5E1A2F76C500EC744B /* Images.xcassets */ = {isa = PBXFileReference; lastKnownFileType = folder.assetcatalog; path = Images.xcassets; sourceTree = "<group>"; };
		E923FF611A2F76C500EC744B /* Base */ = {isa = PBXFileReference; lastKnownFileType = file.xib; name = Base; path = Base.lproj/LaunchScreen.xib; sourceTree = "<group>"; };
		E923FF671A2F76C500EC744B /* iSpendd2Tests.xctest */ = {isa = PBXFileReference; explicitFileType = wrapper.cfbundle; includeInIndex = 0; path = iSpendd2Tests.xctest; sourceTree = BUILT_PRODUCTS_DIR; };
		E923FF6C1A2F76C500EC744B /* Info.plist */ = {isa = PBXFileReference; lastKnownFileType = text.plist.xml; path = Info.plist; sourceTree = "<group>"; };
		E923FF6D1A2F76C500EC744B /* iSpendd2Tests.m */ = {isa = PBXFileReference; lastKnownFileType = sourcecode.c.objc; path = iSpendd2Tests.m; sourceTree = "<group>"; };
		E9D32C6E1A30CB4C00FDE18F /* User.h */ = {isa = PBXFileReference; fileEncoding = 4; lastKnownFileType = sourcecode.c.h; path = User.h; sourceTree = "<group>"; };
		E9D32C6F1A30CB4C00FDE18F /* User.m */ = {isa = PBXFileReference; fileEncoding = 4; lastKnownFileType = sourcecode.c.objc; path = User.m; sourceTree = "<group>"; };
		E9D32C711A30E4A800FDE18F /* ShowViewController.h */ = {isa = PBXFileReference; fileEncoding = 4; lastKnownFileType = sourcecode.c.h; path = ShowViewController.h; sourceTree = "<group>"; };
		E9D32C721A30E4A800FDE18F /* ShowViewController.m */ = {isa = PBXFileReference; fileEncoding = 4; lastKnownFileType = sourcecode.c.objc; path = ShowViewController.m; sourceTree = "<group>"; };
/* End PBXFileReference section */

/* Begin PBXFrameworksBuildPhase section */
		E923FF4B1A2F76C500EC744B /* Frameworks */ = {
			isa = PBXFrameworksBuildPhase;
			buildActionMask = 2147483647;
			files = (
			);
			runOnlyForDeploymentPostprocessing = 0;
		};
		E923FF641A2F76C500EC744B /* Frameworks */ = {
			isa = PBXFrameworksBuildPhase;
			buildActionMask = 2147483647;
			files = (
			);
			runOnlyForDeploymentPostprocessing = 0;
		};
/* End PBXFrameworksBuildPhase section */

/* Begin PBXGroup section */
		E923FF451A2F76C500EC744B = {
			isa = PBXGroup;
			children = (
				E923FF501A2F76C500EC744B /* iSpendd2 */,
				E923FF6A1A2F76C500EC744B /* iSpendd2Tests */,
				E923FF4F1A2F76C500EC744B /* Products */,
			);
			sourceTree = "<group>";
		};
		E923FF4F1A2F76C500EC744B /* Products */ = {
			isa = PBXGroup;
			children = (
				E923FF4E1A2F76C500EC744B /* iSpendd2.app */,
				E923FF671A2F76C500EC744B /* iSpendd2Tests.xctest */,
			);
			name = Products;
			sourceTree = "<group>";
		};
		E923FF501A2F76C500EC744B /* iSpendd2 */ = {
			isa = PBXGroup;
			children = (
				E9D32C6D1A30CABB00FDE18F /* Controllers */,
				E9D32C6B1A30CA9C00FDE18F /* Models */,
				E923FF551A2F76C500EC744B /* AppDelegate.h */,
				E923FF561A2F76C500EC744B /* AppDelegate.m */,
				E923FF5B1A2F76C500EC744B /* Main.storyboard */,
				E923FF5E1A2F76C500EC744B /* Images.xcassets */,
				E923FF601A2F76C500EC744B /* LaunchScreen.xib */,
				E923FF511A2F76C500EC744B /* Supporting Files */,
			);
			path = iSpendd2;
			sourceTree = "<group>";
		};
		E923FF511A2F76C500EC744B /* Supporting Files */ = {
			isa = PBXGroup;
			children = (
				E923FF521A2F76C500EC744B /* Info.plist */,
				E923FF531A2F76C500EC744B /* main.m */,
			);
			name = "Supporting Files";
			sourceTree = "<group>";
		};
		E923FF6A1A2F76C500EC744B /* iSpendd2Tests */ = {
			isa = PBXGroup;
			children = (
				E923FF6D1A2F76C500EC744B /* iSpendd2Tests.m */,
				E923FF6B1A2F76C500EC744B /* Supporting Files */,
			);
			path = iSpendd2Tests;
			sourceTree = "<group>";
		};
		E923FF6B1A2F76C500EC744B /* Supporting Files */ = {
			isa = PBXGroup;
			children = (
				E923FF6C1A2F76C500EC744B /* Info.plist */,
			);
			name = "Supporting Files";
			sourceTree = "<group>";
		};
		E9D32C6B1A30CA9C00FDE18F /* Models */ = {
			isa = PBXGroup;
			children = (
				E9D32C6E1A30CB4C00FDE18F /* User.h */,
				E9D32C6F1A30CB4C00FDE18F /* User.m */,
			);
			name = Models;
			sourceTree = "<group>";
		};
		E9D32C6D1A30CABB00FDE18F /* Controllers */ = {
			isa = PBXGroup;
			children = (
				E9D32C711A30E4A800FDE18F /* ShowViewController.h */,
				E9D32C721A30E4A800FDE18F /* ShowViewController.m */,
				E923FF581A2F76C500EC744B /* ViewController.h */,
				E923FF591A2F76C500EC744B /* ViewController.m */,
			);
			name = Controllers;
			sourceTree = "<group>";
		};
/* End PBXGroup section */

/* Begin PBXNativeTarget section */
		E923FF4D1A2F76C500EC744B /* iSpendd2 */ = {
			isa = PBXNativeTarget;
			buildConfigurationList = E923FF711A2F76C500EC744B /* Build configuration list for PBXNativeTarget "iSpendd2" */;
			buildPhases = (
				E923FF4A1A2F76C500EC744B /* Sources */,
				E923FF4B1A2F76C500EC744B /* Frameworks */,
				E923FF4C1A2F76C500EC744B /* Resources */,
			);
			buildRules = (
			);
			dependencies = (
			);
			name = iSpendd2;
			productName = iSpendd2;
			productReference = E923FF4E1A2F76C500EC744B /* iSpendd2.app */;
			productType = "com.apple.product-type.application";
		};
		E923FF661A2F76C500EC744B /* iSpendd2Tests */ = {
			isa = PBXNativeTarget;
			buildConfigurationList = E923FF741A2F76C500EC744B /* Build configuration list for PBXNativeTarget "iSpendd2Tests" */;
			buildPhases = (
				E923FF631A2F76C500EC744B /* Sources */,
				E923FF641A2F76C500EC744B /* Frameworks */,
				E923FF651A2F76C500EC744B /* Resources */,
			);
			buildRules = (
			);
			dependencies = (
				E923FF691A2F76C500EC744B /* PBXTargetDependency */,
			);
			name = iSpendd2Tests;
			productName = iSpendd2Tests;
			productReference = E923FF671A2F76C500EC744B /* iSpendd2Tests.xctest */;
			productType = "com.apple.product-type.bundle.unit-test";
		};
/* End PBXNativeTarget section */

/* Begin PBXProject section */
		E923FF461A2F76C500EC744B /* Project object */ = {
			isa = PBXProject;
			attributes = {
				LastUpgradeCheck = 0610;
				ORGANIZATIONNAME = Academy387;
				TargetAttributes = {
					E923FF4D1A2F76C500EC744B = {
						CreatedOnToolsVersion = 6.1.1;
					};
					E923FF661A2F76C500EC744B = {
						CreatedOnToolsVersion = 6.1.1;
						TestTargetID = E923FF4D1A2F76C500EC744B;
					};
				};
			};
			buildConfigurationList = E923FF491A2F76C500EC744B /* Build configuration list for PBXProject "iSpendd2" */;
			compatibilityVersion = "Xcode 3.2";
			developmentRegion = English;
			hasScannedForEncodings = 0;
			knownRegions = (
				en,
				Base,
			);
			mainGroup = E923FF451A2F76C500EC744B;
			productRefGroup = E923FF4F1A2F76C500EC744B /* Products */;
			projectDirPath = "";
			projectRoot = "";
			targets = (
				E923FF4D1A2F76C500EC744B /* iSpendd2 */,
				E923FF661A2F76C500EC744B /* iSpendd2Tests */,
			);
		};
/* End PBXProject section */

/* Begin PBXResourcesBuildPhase section */
		E923FF4C1A2F76C500EC744B /* Resources */ = {
			isa = PBXResourcesBuildPhase;
			buildActionMask = 2147483647;
			files = (
				E923FF5D1A2F76C500EC744B /* Main.storyboard in Resources */,
				E923FF621A2F76C500EC744B /* LaunchScreen.xib in Resources */,
				E923FF5F1A2F76C500EC744B /* Images.xcassets in Resources */,
			);
			runOnlyForDeploymentPostprocessing = 0;
		};
		E923FF651A2F76C500EC744B /* Resources */ = {
			isa = PBXResourcesBuildPhase;
			buildActionMask = 2147483647;
			files = (
			);
			runOnlyForDeploymentPostprocessing = 0;
		};
/* End PBXResourcesBuildPhase section */

/* Begin PBXSourcesBuildPhase section */
		E923FF4A1A2F76C500EC744B /* Sources */ = {
			isa = PBXSourcesBuildPhase;
			buildActionMask = 2147483647;
			files = (
				E9D32C701A30CB4C00FDE18F /* User.m in Sources */,
				E9D32C731A30E4A800FDE18F /* ShowViewController.m in Sources */,
				E923FF5A1A2F76C500EC744B /* ViewController.m in Sources */,
				E923FF571A2F76C500EC744B /* AppDelegate.m in Sources */,
				E923FF541A2F76C500EC744B /* main.m in Sources */,
			);
			runOnlyForDeploymentPostprocessing = 0;
		};
		E923FF631A2F76C500EC744B /* Sources */ = {
			isa = PBXSourcesBuildPhase;
			buildActionMask = 2147483647;
			files = (
				E923FF6E1A2F76C500EC744B /* iSpendd2Tests.m in Sources */,
			);
			runOnlyForDeploymentPostprocessing = 0;
		};
/* End PBXSourcesBuildPhase section */

/* Begin PBXTargetDependency section */
		E923FF691A2F76C500EC744B /* PBXTargetDependency */ = {
			isa = PBXTargetDependency;
			target = E923FF4D1A2F76C500EC744B /* iSpendd2 */;
			targetProxy = E923FF681A2F76C500EC744B /* PBXContainerItemProxy */;
		};
/* End PBXTargetDependency section */

/* Begin PBXVariantGroup section */
		E923FF5B1A2F76C500EC744B /* Main.storyboard */ = {
			isa = PBXVariantGroup;
			children = (
				E923FF5C1A2F76C500EC744B /* Base */,
			);
			name = Main.storyboard;
			sourceTree = "<group>";
		};
		E923FF601A2F76C500EC744B /* LaunchScreen.xib */ = {
			isa = PBXVariantGroup;
			children = (
				E923FF611A2F76C500EC744B /* Base */,
			);
			name = LaunchScreen.xib;
			sourceTree = "<group>";
		};
/* End PBXVariantGroup section */

/* Begin XCBuildConfiguration section */
		E923FF6F1A2F76C500EC744B /* Debug */ = {
			isa = XCBuildConfiguration;
			buildSettings = {
				ALWAYS_SEARCH_USER_PATHS = NO;
				CLANG_CXX_LANGUAGE_STANDARD = "gnu++0x";
				CLANG_CXX_LIBRARY = "libc++";
				CLANG_ENABLE_MODULES = YES;
				CLANG_ENABLE_OBJC_ARC = YES;
				CLANG_WARN_BOOL_CONVERSION = YES;
				CLANG_WARN_CONSTANT_CONVERSION = YES;
				CLANG_WARN_DIRECT_OBJC_ISA_USAGE = YES_ERROR;
				CLANG_WARN_EMPTY_BODY = YES;
				CLANG_WARN_ENUM_CONVERSION = YES;
				CLANG_WARN_INT_CONVERSION = YES;
				CLANG_WARN_OBJC_ROOT_CLASS = YES_ERROR;
				CLANG_WARN_UNREACHABLE_CODE = YES;
				CLANG_WARN__DUPLICATE_METHOD_MATCH = YES;
				"CODE_SIGN_IDENTITY[sdk=iphoneos*]" = "iPhone Developer";
				COPY_PHASE_STRIP = NO;
				ENABLE_STRICT_OBJC_MSGSEND = YES;
				GCC_C_LANGUAGE_STANDARD = gnu99;
				GCC_DYNAMIC_NO_PIC = NO;
				GCC_OPTIMIZATION_LEVEL = 0;
				GCC_PREPROCESSOR_DEFINITIONS = (
					"DEBUG=1",
					"$(inherited)",
				);
				GCC_SYMBOLS_PRIVATE_EXTERN = NO;
				GCC_WARN_64_TO_32_BIT_CONVERSION = YES;
				GCC_WARN_ABOUT_RETURN_TYPE = YES_ERROR;
				GCC_WARN_UNDECLARED_SELECTOR = YES;
				GCC_WARN_UNINITIALIZED_AUTOS = YES_AGGRESSIVE;
				GCC_WARN_UNUSED_FUNCTION = YES;
				GCC_WARN_UNUSED_VARIABLE = YES;
				IPHONEOS_DEPLOYMENT_TARGET = 8.1;
				MTL_ENABLE_DEBUG_INFO = YES;
				ONLY_ACTIVE_ARCH = YES;
				SDKROOT = iphoneos;
			};
			name = Debug;
		};
		E923FF701A2F76C500EC744B /* Release */ = {
			isa = XCBuildConfiguration;
			buildSettings = {
				ALWAYS_SEARCH_USER_PATHS = NO;
				CLANG_CXX_LANGUAGE_STANDARD = "gnu++0x";
				CLANG_CXX_LIBRARY = "libc++";
				CLANG_ENABLE_MODULES = YES;
				CLANG_ENABLE_OBJC_ARC = YES;
				CLANG_WARN_BOOL_CONVERSION = YES;
				CLANG_WARN_CONSTANT_CONVERSION = YES;
				CLANG_WARN_DIRECT_OBJC_ISA_USAGE = YES_ERROR;
				CLANG_WARN_EMPTY_BODY = YES;
				CLANG_WARN_ENUM_CONVERSION = YES;
				CLANG_WARN_INT_CONVERSION = YES;
				CLANG_WARN_OBJC_ROOT_CLASS = YES_ERROR;
				CLANG_WARN_UNREACHABLE_CODE = YES;
				CLANG_WARN__DUPLICATE_METHOD_MATCH = YES;
				"CODE_SIGN_IDENTITY[sdk=iphoneos*]" = "iPhone Developer";
				COPY_PHASE_STRIP = YES;
				ENABLE_NS_ASSERTIONS = NO;
				ENABLE_STRICT_OBJC_MSGSEND = YES;
				GCC_C_LANGUAGE_STANDARD = gnu99;
				GCC_WARN_64_TO_32_BIT_CONVERSION = YES;
				GCC_WARN_ABOUT_RETURN_TYPE = YES_ERROR;
				GCC_WARN_UNDECLARED_SELECTOR = YES;
				GCC_WARN_UNINITIALIZED_AUTOS = YES_AGGRESSIVE;
				GCC_WARN_UNUSED_FUNCTION = YES;
				GCC_WARN_UNUSED_VARIABLE = YES;
				IPHONEOS_DEPLOYMENT_TARGET = 8.1;
				MTL_ENABLE_DEBUG_INFO = NO;
				SDKROOT = iphoneos;
				VALIDATE_PRODUCT = YES;
			};
			name = Release;
		};
		E923FF721A2F76C500EC744B /* Debug */ = {
			isa = XCBuildConfiguration;
			buildSettings = {
				ASSETCATALOG_COMPILER_APPICON_NAME = AppIcon;
				INFOPLIST_FILE = iSpendd2/Info.plist;
				LD_RUNPATH_SEARCH_PATHS = "$(inherited) @executable_path/Frameworks";
				PRODUCT_NAME = "$(TARGET_NAME)";
			};
			name = Debug;
		};
		E923FF731A2F76C500EC744B /* Release */ = {
			isa = XCBuildConfiguration;
			buildSettings = {
				ASSETCATALOG_COMPILER_APPICON_NAME = AppIcon;
				INFOPLIST_FILE = iSpendd2/Info.plist;
				LD_RUNPATH_SEARCH_PATHS = "$(inherited) @executable_path/Frameworks";
				PRODUCT_NAME = "$(TARGET_NAME)";
			};
			name = Release;
		};
		E923FF751A2F76C500EC744B /* Debug */ = {
			isa = XCBuildConfiguration;
			buildSettings = {
				BUNDLE_LOADER = "$(TEST_HOST)";
				FRAMEWORK_SEARCH_PATHS = (
					"$(SDKROOT)/Developer/Library/Frameworks",
					"$(inherited)",
				);
				GCC_PREPROCESSOR_DEFINITIONS = (
					"DEBUG=1",
					"$(inherited)",
				);
				INFOPLIST_FILE = iSpendd2Tests/Info.plist;
				LD_RUNPATH_SEARCH_PATHS = "$(inherited) @executable_path/Frameworks @loader_path/Frameworks";
				PRODUCT_NAME = "$(TARGET_NAME)";
				TEST_HOST = "$(BUILT_PRODUCTS_DIR)/iSpendd2.app/iSpendd2";
			};
			name = Debug;
		};
		E923FF761A2F76C500EC744B /* Release */ = {
			isa = XCBuildConfiguration;
			buildSettings = {
				BUNDLE_LOADER = "$(TEST_HOST)";
				FRAMEWORK_SEARCH_PATHS = (
					"$(SDKROOT)/Developer/Library/Frameworks",
					"$(inherited)",
				);
				INFOPLIST_FILE = iSpendd2Tests/Info.plist;
				LD_RUNPATH_SEARCH_PATHS = "$(inherited) @executable_path/Frameworks @loader_path/Frameworks";
				PRODUCT_NAME = "$(TARGET_NAME)";
				TEST_HOST = "$(BUILT_PRODUCTS_DIR)/iSpendd2.app/iSpendd2";
			};
			name = Release;
		};
/* End XCBuildConfiguration section */

/* Begin XCConfigurationList section */
		E923FF491A2F76C500EC744B /* Build configuration list for PBXProject "iSpendd2" */ = {
			isa = XCConfigurationList;
			buildConfigurations = (
				E923FF6F1A2F76C500EC744B /* Debug */,
				E923FF701A2F76C500EC744B /* Release */,
			);
			defaultConfigurationIsVisible = 0;
			defaultConfigurationName = Release;
		};
		E923FF711A2F76C500EC744B /* Build configuration list for PBXNativeTarget "iSpendd2" */ = {
			isa = XCConfigurationList;
			buildConfigurations = (
				E923FF721A2F76C500EC744B /* Debug */,
				E923FF731A2F76C500EC744B /* Release */,
			);
			defaultConfigurationIsVisible = 0;
			defaultConfigurationName = Release;
		};
		E923FF741A2F76C500EC744B /* Build configuration list for PBXNativeTarget "iSpendd2Tests" */ = {
			isa = XCConfigurationList;
			buildConfigurations = (
				E923FF751A2F76C500EC744B /* Debug */,
				E923FF761A2F76C500EC744B /* Release */,
			);
			defaultConfigurationIsVisible = 0;
			defaultConfigurationName = Release;
		};
/* End XCConfigurationList section */
	};
	rootObject = E923FF461A2F76C500EC744B /* Project object */;
}
